dependencies:
- name: influxdb
  repository: https://charts.bitnami.com/bitnami
  version: 2.2.7
- name: purple_trader
  repository: file://../purple_trader
  version: 1.0.5
- name: blue_trader
  repository: file://../blue_trader
  version: 1.0.5
- name: red_trader
  repository: file://../red_trader
  version: 1.0.0
- name: ingestion
  repository: file://../ingestion
  version: 0.3.0
digest: sha256:47c147859d16b2fe4d3698cdbb37d2b6d4f19e6d69e5ff6e4debb94c840a2647
generated: "2021-08-27T12:32:39.821619-05:00"
